
Microsoft Visual Studio Solution File, Format Version 12.00
# Visual Studio Version 16
VisualStudioVersion = 16.0.30002.166
MinimumVisualStudioVersion = 10.0.40219.1
Project("{9A19103F-16F7-4668-BE54-9A1E7A4F7556}") = "Filipan_Danut_Lab2", "Filipan_Danut_Lab2\Filipan_Danut_Lab2.csproj", "{F6EEE601-78DA-480B-83FE-5D10AD040DD4}"
EndProject
Project("{9A19103F-16F7-4668-BE54-9A1E7A4F7556}") = "LibraryModel", "ClassLibrary\LibraryModel.csproj", "{06C71EA3-C12F-41C9-AF29-89609AAEBDED}"
EndProject
Project("{FAE04EC0-301F-11D3-BF4B-00C04F79EFBC}") = "LibraryWebAPI", "LibraryWebAPI\LibraryWebAPI.csproj", "{88A50E18-C7C7-423A-A6F9-94E198124642}"
EndProject
Global
	GlobalSection(SolutionConfigurationPlatforms) = preSolution
		Debug|Any CPU = Debug|Any CPU
		Release|Any CPU = Release|Any CPU
	EndGlobalSection
	GlobalSection(ProjectConfigurationPlatforms) = postSolution
		{F6EEE601-78DA-480B-83FE-5D10AD040DD4}.Debug|Any CPU.ActiveCfg = Debug|Any CPU
		{F6EEE601-78DA-480B-83FE-5D10AD040DD4}.Debug|Any CPU.Build.0 = Debug|Any CPU
		{F6EEE601-78DA-480B-83FE-5D10AD040DD4}.Release|Any CPU.ActiveCfg = Release|Any CPU
		{F6EEE601-78DA-480B-83FE-5D10AD040DD4}.Release|Any CPU.Build.0 = Release|Any CPU
		{06C71EA3-C12F-41C9-AF29-89609AAEBDED}.Debug|Any CPU.ActiveCfg = Debug|Any CPU
		{06C71EA3-C12F-41C9-AF29-89609AAEBDED}.Debug|Any CPU.Build.0 = Debug|Any CPU
		{06C71EA3-C12F-41C9-AF29-89609AAEBDED}.Release|Any CPU.ActiveCfg = Release|Any CPU
		{06C71EA3-C12F-41C9-AF29-89609AAEBDED}.Release|Any CPU.Build.0 = Release|Any CPU
		{88A50E18-C7C7-423A-A6F9-94E198124642}.Debug|Any CPU.ActiveCfg = Debug|Any CPU
		{88A50E18-C7C7-423A-A6F9-94E198124642}.Debug|Any CPU.Build.0 = Debug|Any CPU
		{88A50E18-C7C7-423A-A6F9-94E198124642}.Release|Any CPU.ActiveCfg = Release|Any CPU
		{88A50E18-C7C7-423A-A6F9-94E198124642}.Release|Any CPU.Build.0 = Release|Any CPU
	EndGlobalSection
	GlobalSection(SolutionProperties) = preSolution
		HideSolutionNode = FALSE
	EndGlobalSection
	GlobalSection(ExtensibilityGlobals) = postSolution
		SolutionGuid = {78328B75-A7C7-4A93-8ECA-D14B646D652C}
	EndGlobalSection
EndGlobal
